
Microsoft Visual Studio Solution File, Format Version 12.00
# Visual Studio Version 16
VisualStudioVersion = 16.0.31410.357
MinimumVisualStudioVersion = 10.0.40219.1
Project("{FAE04EC0-301F-11D3-BF4B-00C04F79EFBC}") = "CSharp9", "CSharp9\CSharp9.csproj", "{777A5279-6669-4542-A8FD-CD205259F0EC}"
EndProject
Global
	GlobalSection(SolutionConfigurationPlatforms) = preSolution
		Debug|Any CPU = Debug|Any CPU
		Release|Any CPU = Release|Any CPU
	EndGlobalSection
	GlobalSection(ProjectConfigurationPlatforms) = postSolution
		{777A5279-6669-4542-A8FD-CD205259F0EC}.Debug|Any CPU.ActiveCfg = Debug|Any CPU
		{777A5279-6669-4542-A8FD-CD205259F0EC}.Debug|Any CPU.Build.0 = Debug|Any CPU
		{777A5279-6669-4542-A8FD-CD205259F0EC}.Release|Any CPU.ActiveCfg = Release|Any CPU
		{777A5279-6669-4542-A8FD-CD205259F0EC}.Release|Any CPU.Build.0 = Release|Any CPU
	EndGlobalSection
	GlobalSection(SolutionProperties) = preSolution
		HideSolutionNode = FALSE
	EndGlobalSection
	GlobalSection(ExtensibilityGlobals) = postSolution
		SolutionGuid = {4CE65AD6-BE63-44E0-AB3C-166D40A161CA}
	EndGlobalSection
EndGlobal
